{
  "name": "Programmering",
  "version": "1.0.0",
  "lockfileVersion": 1,
  "requires": true,
  "dependencies": {
    "lax.js": {
      "version": "1.2.3",
      "resolved": "https://registry.npmjs.org/lax.js/-/lax.js-1.2.3.tgz",
      "integrity": "sha512-997ORcgFcL6Hag1QBe0KbNl9WEtm7okf9fLKvo/hv05CUSWEwsyXAtZLKOqsnbgcaJ6yHZUNtJUzMaplf78Z4w=="
    }
  }
}
